// !$*UTF8*$!
{
	archiveVersion = 1;
	classes = {
	};
	objectVersion = 46;
	objects = {

/* Begin PBXBuildFile section */
		D402D0F112FE530900534FBC /* por-data.png in Resources */ = {isa = PBXBuildFile; fileRef = D402D0F012FE530900534FBC /* por-data.png */; };
		D402D14212FE55AA00534FBC /* BlocosPorDataController.m in Sources */ = {isa = PBXBuildFile; fileRef = D402D14112FE55AA00534FBC /* BlocosPorDataController.m */; };
		D402D14512FE566500534FBC /* BlocosPorData.xib in Resources */ = {isa = PBXBuildFile; fileRef = D402D14312FE566500534FBC /* BlocosPorData.xib */; };
		D402D14812FE5A4200534FBC /* FavoritosController.m in Sources */ = {isa = PBXBuildFile; fileRef = D402D14712FE5A4200534FBC /* FavoritosController.m */; };
		D402D14B12FE5C7E00534FBC /* BlocosPorBairroController.m in Sources */ = {isa = PBXBuildFile; fileRef = D402D14A12FE5C7E00534FBC /* BlocosPorBairroController.m */; };
		D402D14D12FE5DD000534FBC /* por-bairro.png in Resources */ = {isa = PBXBuildFile; fileRef = D402D14C12FE5DD000534FBC /* por-bairro.png */; };
		D405D1AC130816070053FDE3 /* ExpandableHeaderView.m in Sources */ = {isa = PBXBuildFile; fileRef = D405D1AB130816070053FDE3 /* ExpandableHeaderView.m */; };
		D420FD8A12FA1D4100A822EE /* BlocosController.m in Sources */ = {isa = PBXBuildFile; fileRef = D420FD8912FA1D4100A822EE /* BlocosController.m */; };
		D420FD8E12FA1DA200A822EE /* Blocos.xib in Resources */ = {isa = PBXBuildFile; fileRef = D420FD8C12FA1DA200A822EE /* Blocos.xib */; };
		D426A71112F9BDFE0096C860 /* UIKit.framework in Frameworks */ = {isa = PBXBuildFile; fileRef = D426A71012F9BDFE0096C860 /* UIKit.framework */; };
		D426A71312F9BDFE0096C860 /* Foundation.framework in Frameworks */ = {isa = PBXBuildFile; fileRef = D426A71212F9BDFE0096C860 /* Foundation.framework */; };
		D426A71512F9BDFE0096C860 /* CoreGraphics.framework in Frameworks */ = {isa = PBXBuildFile; fileRef = D426A71412F9BDFE0096C860 /* CoreGraphics.framework */; };
		D426A71E12F9BDFE0096C860 /* main.m in Sources */ = {isa = PBXBuildFile; fileRef = D426A71D12F9BDFE0096C860 /* main.m */; };
		D426A72112F9BDFE0096C860 /* AppDelegate.m in Sources */ = {isa = PBXBuildFile; fileRef = D426A72012F9BDFE0096C860 /* AppDelegate.m */; };
		D426A73112F9BDFE0096C860 /* UIKit.framework in Frameworks */ = {isa = PBXBuildFile; fileRef = D426A71012F9BDFE0096C860 /* UIKit.framework */; };
		D426A73212F9BDFE0096C860 /* Foundation.framework in Frameworks */ = {isa = PBXBuildFile; fileRef = D426A71212F9BDFE0096C860 /* Foundation.framework */; };
		D426A73312F9BDFE0096C860 /* CoreGraphics.framework in Frameworks */ = {isa = PBXBuildFile; fileRef = D426A71412F9BDFE0096C860 /* CoreGraphics.framework */; };
		D426A73C12F9BDFE0096C860 /* blocos_rioTests.h in Resources */ = {isa = PBXBuildFile; fileRef = D426A73B12F9BDFE0096C860 /* blocos_rioTests.h */; };
		D426A73E12F9BDFE0096C860 /* blocos_rioTests.m in Sources */ = {isa = PBXBuildFile; fileRef = D426A73D12F9BDFE0096C860 /* blocos_rioTests.m */; };
		D43CC32613088FB2005CC417 /* BlocoDetalhesController.m in Sources */ = {isa = PBXBuildFile; fileRef = D43CC32513088FB2005CC417 /* BlocoDetalhesController.m */; };
		D446AB7B130781F500A39517 /* DesfileEnderecoCell.m in Sources */ = {isa = PBXBuildFile; fileRef = D446AB7A130781F500A39517 /* DesfileEnderecoCell.m */; };
		D446ABE913078E0E00A39517 /* NSString+Utils.m in Sources */ = {isa = PBXBuildFile; fileRef = D446ABE813078E0E00A39517 /* NSString+Utils.m */; };
		D454951E1303A1A40052470F /* NSManagedObjectContext+DeleteAll.m in Sources */ = {isa = PBXBuildFile; fileRef = D454951D1303A1A40052470F /* NSManagedObjectContext+DeleteAll.m */; };
		D455BEE212FB4926006A757A /* libz.dylib in Frameworks */ = {isa = PBXBuildFile; fileRef = D455BEE112FB4926006A757A /* libz.dylib */; };
		D45F54E21300D97C00B5ACF6 /* Icon.png in Resources */ = {isa = PBXBuildFile; fileRef = D45F54E01300D97C00B5ACF6 /* Icon.png */; };
		D45F54E31300D97C00B5ACF6 /* Icon@2x.png in Resources */ = {isa = PBXBuildFile; fileRef = D45F54E11300D97C00B5ACF6 /* Icon@2x.png */; };
		D45F550D1300E56C00B5ACF6 /* Icon-Small.png in Resources */ = {isa = PBXBuildFile; fileRef = D45F550A1300E56C00B5ACF6 /* Icon-Small.png */; };
		D45F550E1300E56C00B5ACF6 /* iTunesArtwork in Resources */ = {isa = PBXBuildFile; fileRef = D45F550B1300E56C00B5ACF6 /* iTunesArtwork */; };
		D45F55211300EE1800B5ACF6 /* Icon-Small@2x.png in Resources */ = {isa = PBXBuildFile; fileRef = D45F55201300EE1800B5ACF6 /* Icon-Small@2x.png */; };
		D4622139130732D7006FCE9F /* OpcoesController.m in Sources */ = {isa = PBXBuildFile; fileRef = D4622138130732D7006FCE9F /* OpcoesController.m */; };
		D462213C130732F0006FCE9F /* opcoes.png in Resources */ = {isa = PBXBuildFile; fileRef = D462213A130732F0006FCE9F /* opcoes.png */; };
		D462213D130732F0006FCE9F /* opcoes@2x.png in Resources */ = {isa = PBXBuildFile; fileRef = D462213B130732F0006FCE9F /* opcoes@2x.png */; };
		D46657BA12F9CA350041AF53 /* MainWindow.xib in Resources */ = {isa = PBXBuildFile; fileRef = D46657B612F9CA350041AF53 /* MainWindow.xib */; };
		D47B1ED212FE29580036171C /* BlocosXMLParserDelegate.m in Sources */ = {isa = PBXBuildFile; fileRef = D47B1ED112FE29580036171C /* BlocosXMLParserDelegate.m */; };
		D48768ED12FA2B5600420CE6 /* CoreData.framework in Frameworks */ = {isa = PBXBuildFile; fileRef = D48768EC12FA2B5600420CE6 /* CoreData.framework */; };
		D48768F012FA2F1800420CE6 /* Blocos.xcdatamodeld in Sources */ = {isa = PBXBuildFile; fileRef = D48768EE12FA2F1800420CE6 /* Blocos.xcdatamodeld */; };
		D4A0B40A1304B18300710056 /* Bloco.m in Sources */ = {isa = PBXBuildFile; fileRef = D4A0B4091304B18300710056 /* Bloco.m */; };
		D4A0B40D1304C40500710056 /* Desfile.m in Sources */ = {isa = PBXBuildFile; fileRef = D4A0B40C1304C40500710056 /* Desfile.m */; };
		D4A0B4111304CBC500710056 /* NSDate+Utils.m in Sources */ = {isa = PBXBuildFile; fileRef = D4A0B4101304CBC500710056 /* NSDate+Utils.m */; };
		D4C692B312FF770200E56F2E /* por-blocos.png in Resources */ = {isa = PBXBuildFile; fileRef = D4C692B112FF770200E56F2E /* por-blocos.png */; };
		D4C692B412FF770200E56F2E /* por-blocos@2x.png in Resources */ = {isa = PBXBuildFile; fileRef = D4C692B212FF770200E56F2E /* por-blocos@2x.png */; };
		D4C692CB12FF86E200E56F2E /* blocos.xml in Resources */ = {isa = PBXBuildFile; fileRef = D4C692CA12FF86E200E56F2E /* blocos.xml */; };
		D4D6FBA213082ACD00F1BE66 /* arrow-right.png in Resources */ = {isa = PBXBuildFile; fileRef = D4D6FBA013082ACD00F1BE66 /* arrow-right.png */; };
		D4D6FBA313082ACD00F1BE66 /* arrow-right@2x.png in Resources */ = {isa = PBXBuildFile; fileRef = D4D6FBA113082ACD00F1BE66 /* arrow-right@2x.png */; };
		D4D6FBF8130833AB00F1BE66 /* QuartzCore.framework in Frameworks */ = {isa = PBXBuildFile; fileRef = D4D6FBF7130833AB00F1BE66 /* QuartzCore.framework */; };
		D4D6FC7313083ABE00F1BE66 /* BlocoDetalhes.xib in Resources */ = {isa = PBXBuildFile; fileRef = D4D6FC7113083ABE00F1BE66 /* BlocoDetalhes.xib */; };
		D4EFA7ED1304D6F9001BCF4F /* Bairro.m in Sources */ = {isa = PBXBuildFile; fileRef = D4EFA7EC1304D6F9001BCF4F /* Bairro.m */; };
		D4F343FA12FEDBFD006DC90C /* por-bairro@2x.png in Resources */ = {isa = PBXBuildFile; fileRef = D4F343F812FEDBFD006DC90C /* por-bairro@2x.png */; };
		D4F343FB12FEDBFD006DC90C /* por-data@2x.png in Resources */ = {isa = PBXBuildFile; fileRef = D4F343F912FEDBFD006DC90C /* por-data@2x.png */; };
		D4FE813012FA3CC400C2D0A4 /* ioapi.c in Sources */ = {isa = PBXBuildFile; fileRef = D4FE812612FA3CC400C2D0A4 /* ioapi.c */; };
		D4FE813112FA3CC400C2D0A4 /* mztools.c in Sources */ = {isa = PBXBuildFile; fileRef = D4FE812812FA3CC400C2D0A4 /* mztools.c */; };
		D4FE813212FA3CC400C2D0A4 /* unzip.c in Sources */ = {isa = PBXBuildFile; fileRef = D4FE812A12FA3CC400C2D0A4 /* unzip.c */; };
		D4FE813312FA3CC400C2D0A4 /* zip.c in Sources */ = {isa = PBXBuildFile; fileRef = D4FE812C12FA3CC400C2D0A4 /* zip.c */; };
		D4FE813412FA3CC400C2D0A4 /* ZipArchive.mm in Sources */ = {isa = PBXBuildFile; fileRef = D4FE812F12FA3CC400C2D0A4 /* ZipArchive.mm */; };
		D4FE813712FA3D5800C2D0A4 /* BlocosService.m in Sources */ = {isa = PBXBuildFile; fileRef = D4FE813612FA3D5800C2D0A4 /* BlocosService.m */; };
/* End PBXBuildFile section */

/* Begin PBXFileReference section */
		D402D0F012FE530900534FBC /* por-data.png */ = {isa = PBXFileReference; lastKnownFileType = image.png; name = "por-data.png"; path = "../../blocos-rio-assets/images/por-data.png"; sourceTree = "<group>"; };
		D402D13E12FE559900534FBC /* BlocosPorDataController.h */ = {isa = PBXFileReference; fileEncoding = 4; lastKnownFileType = sourcecode.c.h; path = BlocosPorDataController.h; sourceTree = "<group>"; };
		D402D14112FE55AA00534FBC /* BlocosPorDataController.m */ = {isa = PBXFileReference; fileEncoding = 4; lastKnownFileType = sourcecode.c.objc; path = BlocosPorDataController.m; sourceTree = "<group>"; };
		D402D14412FE566500534FBC /* pt-BR */ = {isa = PBXFileReference; lastKnownFileType = file.xib; name = "pt-BR"; path = "pt-BR.lproj/BlocosPorData.xib"; sourceTree = "<group>"; };
		D402D14612FE5A4200534FBC /* FavoritosController.h */ = {isa = PBXFileReference; fileEncoding = 4; lastKnownFileType = sourcecode.c.h; path = FavoritosController.h; sourceTree = "<group>"; };
		D402D14712FE5A4200534FBC /* FavoritosController.m */ = {isa = PBXFileReference; fileEncoding = 4; lastKnownFileType = sourcecode.c.objc; path = FavoritosController.m; sourceTree = "<group>"; };
		D402D14912FE5C7E00534FBC /* BlocosPorBairroController.h */ = {isa = PBXFileReference; fileEncoding = 4; lastKnownFileType = sourcecode.c.h; path = BlocosPorBairroController.h; sourceTree = "<group>"; };
		D402D14A12FE5C7E00534FBC /* BlocosPorBairroController.m */ = {isa = PBXFileReference; fileEncoding = 4; lastKnownFileType = sourcecode.c.objc; path = BlocosPorBairroController.m; sourceTree = "<group>"; };
		D402D14C12FE5DD000534FBC /* por-bairro.png */ = {isa = PBXFileReference; lastKnownFileType = image.png; name = "por-bairro.png"; path = "../../blocos-rio-assets/images/por-bairro.png"; sourceTree = "<group>"; };
		D405D1AA130816070053FDE3 /* ExpandableHeaderView.h */ = {isa = PBXFileReference; fileEncoding = 4; lastKnownFileType = sourcecode.c.h; name = ExpandableHeaderView.h; path = Views/ExpandableHeaderView.h; sourceTree = "<group>"; };
		D405D1AB130816070053FDE3 /* ExpandableHeaderView.m */ = {isa = PBXFileReference; fileEncoding = 4; lastKnownFileType = sourcecode.c.objc; name = ExpandableHeaderView.m; path = Views/ExpandableHeaderView.m; sourceTree = "<group>"; };
		D420FD8812FA1D4100A822EE /* BlocosController.h */ = {isa = PBXFileReference; fileEncoding = 4; lastKnownFileType = sourcecode.c.h; path = BlocosController.h; sourceTree = "<group>"; };
		D420FD8912FA1D4100A822EE /* BlocosController.m */ = {isa = PBXFileReference; fileEncoding = 4; lastKnownFileType = sourcecode.c.objc; path = BlocosController.m; sourceTree = "<group>"; };
		D420FD8D12FA1DA200A822EE /* pt-BR */ = {isa = PBXFileReference; lastKnownFileType = file.xib; name = "pt-BR"; path = "pt-BR.lproj/Blocos.xib"; sourceTree = "<group>"; };
		D420FD9012FA200100A822EE /* pt-BR */ = {isa = PBXFileReference; fileEncoding = 4; lastKnownFileType = text.plist.strings; name = "pt-BR"; path = "pt-BR.lproj/InfoPlist.strings"; sourceTree = "<group>"; };
		D426A70C12F9BDFE0096C860 /* blocos-rio.app */ = {isa = PBXFileReference; explicitFileType = wrapper.application; includeInIndex = 0; path = "blocos-rio.app"; sourceTree = BUILT_PRODUCTS_DIR; };
		D426A71012F9BDFE0096C860 /* UIKit.framework */ = {isa = PBXFileReference; lastKnownFileType = wrapper.framework; name = UIKit.framework; path = System/Library/Frameworks/UIKit.framework; sourceTree = SDKROOT; };
		D426A71212F9BDFE0096C860 /* Foundation.framework */ = {isa = PBXFileReference; lastKnownFileType = wrapper.framework; name = Foundation.framework; path = System/Library/Frameworks/Foundation.framework; sourceTree = SDKROOT; };
		D426A71412F9BDFE0096C860 /* CoreGraphics.framework */ = {isa = PBXFileReference; lastKnownFileType = wrapper.framework; name = CoreGraphics.framework; path = System/Library/Frameworks/CoreGraphics.framework; sourceTree = SDKROOT; };
		D426A71812F9BDFE0096C860 /* Info.plist */ = {isa = PBXFileReference; lastKnownFileType = text.plist.xml; path = Info.plist; sourceTree = "<group>"; };
		D426A71C12F9BDFE0096C860 /* blocos_rio-Prefix.pch */ = {isa = PBXFileReference; lastKnownFileType = sourcecode.c.h; path = "blocos_rio-Prefix.pch"; sourceTree = "<group>"; };
		D426A71D12F9BDFE0096C860 /* main.m */ = {isa = PBXFileReference; lastKnownFileType = sourcecode.c.objc; path = main.m; sourceTree = "<group>"; };
		D426A71F12F9BDFE0096C860 /* AppDelegate.h */ = {isa = PBXFileReference; lastKnownFileType = sourcecode.c.h; path = AppDelegate.h; sourceTree = "<group>"; };
		D426A72012F9BDFE0096C860 /* AppDelegate.m */ = {isa = PBXFileReference; lastKnownFileType = sourcecode.c.objc; path = AppDelegate.m; sourceTree = "<group>"; };
		D426A73012F9BDFE0096C860 /* blocos-rioTests.octest */ = {isa = PBXFileReference; explicitFileType = wrapper.cfbundle; includeInIndex = 0; path = "blocos-rioTests.octest"; sourceTree = BUILT_PRODUCTS_DIR; };
		D426A73612F9BDFE0096C860 /* Tests-Info.plist */ = {isa = PBXFileReference; lastKnownFileType = text.plist.xml; path = "Tests-Info.plist"; sourceTree = "<group>"; };
		D426A73A12F9BDFE0096C860 /* blocos_rioTests-Prefix.pch */ = {isa = PBXFileReference; lastKnownFileType = sourcecode.c.h; path = "blocos_rioTests-Prefix.pch"; sourceTree = "<group>"; };
		D426A73B12F9BDFE0096C860 /* blocos_rioTests.h */ = {isa = PBXFileReference; lastKnownFileType = sourcecode.c.h; path = blocos_rioTests.h; sourceTree = "<group>"; };
		D426A73D12F9BDFE0096C860 /* blocos_rioTests.m */ = {isa = PBXFileReference; lastKnownFileType = sourcecode.c.objc; path = blocos_rioTests.m; sourceTree = "<group>"; };
		D43CC32413088FB2005CC417 /* BlocoDetalhesController.h */ = {isa = PBXFileReference; fileEncoding = 4; lastKnownFileType = sourcecode.c.h; path = BlocoDetalhesController.h; sourceTree = "<group>"; };
		D43CC32513088FB2005CC417 /* BlocoDetalhesController.m */ = {isa = PBXFileReference; fileEncoding = 4; lastKnownFileType = sourcecode.c.objc; path = BlocoDetalhesController.m; sourceTree = "<group>"; };
		D446AB79130781F500A39517 /* DesfileEnderecoCell.h */ = {isa = PBXFileReference; fileEncoding = 4; lastKnownFileType = sourcecode.c.h; name = DesfileEnderecoCell.h; path = Views/DesfileEnderecoCell.h; sourceTree = "<group>"; };
		D446AB7A130781F500A39517 /* DesfileEnderecoCell.m */ = {isa = PBXFileReference; fileEncoding = 4; lastKnownFileType = sourcecode.c.objc; name = DesfileEnderecoCell.m; path = Views/DesfileEnderecoCell.m; sourceTree = "<group>"; };
		D446ABE713078E0E00A39517 /* NSString+Utils.h */ = {isa = PBXFileReference; fileEncoding = 4; lastKnownFileType = sourcecode.c.h; path = "NSString+Utils.h"; sourceTree = "<group>"; };
		D446ABE813078E0E00A39517 /* NSString+Utils.m */ = {isa = PBXFileReference; fileEncoding = 4; lastKnownFileType = sourcecode.c.objc; path = "NSString+Utils.m"; sourceTree = "<group>"; };
		D454951C1303A1A40052470F /* NSManagedObjectContext+DeleteAll.h */ = {isa = PBXFileReference; fileEncoding = 4; lastKnownFileType = sourcecode.c.h; name = "NSManagedObjectContext+DeleteAll.h"; path = "Models/NSManagedObjectContext+DeleteAll.h"; sourceTree = "<group>"; };
		D454951D1303A1A40052470F /* NSManagedObjectContext+DeleteAll.m */ = {isa = PBXFileReference; fileEncoding = 4; lastKnownFileType = sourcecode.c.objc; name = "NSManagedObjectContext+DeleteAll.m"; path = "Models/NSManagedObjectContext+DeleteAll.m"; sourceTree = "<group>"; };
		D455BEE112FB4926006A757A /* libz.dylib */ = {isa = PBXFileReference; lastKnownFileType = "compiled.mach-o.dylib"; name = libz.dylib; path = usr/lib/libz.dylib; sourceTree = SDKROOT; };
		D45F54E01300D97C00B5ACF6 /* Icon.png */ = {isa = PBXFileReference; lastKnownFileType = image.png; name = Icon.png; path = "../blocos-rio-assets/images/Icon.png"; sourceTree = SOURCE_ROOT; };
		D45F54E11300D97C00B5ACF6 /* Icon@2x.png */ = {isa = PBXFileReference; lastKnownFileType = image.png; name = "Icon@2x.png"; path = "../blocos-rio-assets/images/Icon@2x.png"; sourceTree = SOURCE_ROOT; };
		D45F550A1300E56C00B5ACF6 /* Icon-Small.png */ = {isa = PBXFileReference; lastKnownFileType = image.png; name = "Icon-Small.png"; path = "../blocos-rio-assets/images/Icon-Small.png"; sourceTree = SOURCE_ROOT; };
		D45F550B1300E56C00B5ACF6 /* iTunesArtwork */ = {isa = PBXFileReference; lastKnownFileType = text; name = iTunesArtwork; path = "../blocos-rio-assets/images/iTunesArtwork"; sourceTree = SOURCE_ROOT; };
		D45F55201300EE1800B5ACF6 /* Icon-Small@2x.png */ = {isa = PBXFileReference; lastKnownFileType = image.png; name = "Icon-Small@2x.png"; path = "../blocos-rio-assets/images/Icon-Small@2x.png"; sourceTree = SOURCE_ROOT; };
		D4622137130732D7006FCE9F /* OpcoesController.h */ = {isa = PBXFileReference; fileEncoding = 4; lastKnownFileType = sourcecode.c.h; path = OpcoesController.h; sourceTree = "<group>"; };
		D4622138130732D7006FCE9F /* OpcoesController.m */ = {isa = PBXFileReference; fileEncoding = 4; lastKnownFileType = sourcecode.c.objc; path = OpcoesController.m; sourceTree = "<group>"; };
		D462213A130732F0006FCE9F /* opcoes.png */ = {isa = PBXFileReference; lastKnownFileType = image.png; name = opcoes.png; path = "../../blocos-rio-assets/images/opcoes.png"; sourceTree = "<group>"; };
		D462213B130732F0006FCE9F /* opcoes@2x.png */ = {isa = PBXFileReference; lastKnownFileType = image.png; name = "opcoes@2x.png"; path = "../../blocos-rio-assets/images/opcoes@2x.png"; sourceTree = "<group>"; };
		D46657B712F9CA350041AF53 /* pt-BR */ = {isa = PBXFileReference; lastKnownFileType = file.xib; name = "pt-BR"; path = "pt-BR.lproj/MainWindow.xib"; sourceTree = "<group>"; };
		D47B1ED012FE29580036171C /* BlocosXMLParserDelegate.h */ = {isa = PBXFileReference; fileEncoding = 4; lastKnownFileType = sourcecode.c.h; path = BlocosXMLParserDelegate.h; sourceTree = "<group>"; };
		D47B1ED112FE29580036171C /* BlocosXMLParserDelegate.m */ = {isa = PBXFileReference; fileEncoding = 4; lastKnownFileType = sourcecode.c.objc; path = BlocosXMLParserDelegate.m; sourceTree = "<group>"; };
		D48768EC12FA2B5600420CE6 /* CoreData.framework */ = {isa = PBXFileReference; lastKnownFileType = wrapper.framework; name = CoreData.framework; path = System/Library/Frameworks/CoreData.framework; sourceTree = SDKROOT; };
		D48768EF12FA2F1800420CE6 /* Blocos.xcdatamodel */ = {isa = PBXFileReference; lastKnownFileType = wrapper.xcdatamodel; path = Blocos.xcdatamodel; sourceTree = "<group>"; };
		D4A0B4081304B18300710056 /* Bloco.h */ = {isa = PBXFileReference; fileEncoding = 4; lastKnownFileType = sourcecode.c.h; name = Bloco.h; path = Models/Bloco.h; sourceTree = "<group>"; };
		D4A0B4091304B18300710056 /* Bloco.m */ = {isa = PBXFileReference; fileEncoding = 4; lastKnownFileType = sourcecode.c.objc; name = Bloco.m; path = Models/Bloco.m; sourceTree = "<group>"; };
		D4A0B40B1304C40500710056 /* Desfile.h */ = {isa = PBXFileReference; fileEncoding = 4; lastKnownFileType = sourcecode.c.h; name = Desfile.h; path = Models/Desfile.h; sourceTree = "<group>"; };
		D4A0B40C1304C40500710056 /* Desfile.m */ = {isa = PBXFileReference; fileEncoding = 4; lastKnownFileType = sourcecode.c.objc; name = Desfile.m; path = Models/Desfile.m; sourceTree = "<group>"; };
		D4A0B40F1304CBC500710056 /* NSDate+Utils.h */ = {isa = PBXFileReference; fileEncoding = 4; lastKnownFileType = sourcecode.c.h; name = "NSDate+Utils.h"; path = "Categories/NSDate+Utils.h"; sourceTree = "<group>"; };
		D4A0B4101304CBC500710056 /* NSDate+Utils.m */ = {isa = PBXFileReference; fileEncoding = 4; lastKnownFileType = sourcecode.c.objc; name = "NSDate+Utils.m"; path = "Categories/NSDate+Utils.m"; sourceTree = "<group>"; };
		D4C692B112FF770200E56F2E /* por-blocos.png */ = {isa = PBXFileReference; lastKnownFileType = image.png; path = "por-blocos.png"; sourceTree = "<group>"; };
		D4C692B212FF770200E56F2E /* por-blocos@2x.png */ = {isa = PBXFileReference; lastKnownFileType = image.png; path = "por-blocos@2x.png"; sourceTree = "<group>"; };
		D4C692CA12FF86E200E56F2E /* blocos.xml */ = {isa = PBXFileReference; fileEncoding = 4; lastKnownFileType = text.xml; path = blocos.xml; sourceTree = "<group>"; };
		D4D6FBA013082ACD00F1BE66 /* arrow-right.png */ = {isa = PBXFileReference; lastKnownFileType = image.png; path = "arrow-right.png"; sourceTree = "<group>"; };
		D4D6FBA113082ACD00F1BE66 /* arrow-right@2x.png */ = {isa = PBXFileReference; lastKnownFileType = image.png; path = "arrow-right@2x.png"; sourceTree = "<group>"; };
		D4D6FBF7130833AB00F1BE66 /* QuartzCore.framework */ = {isa = PBXFileReference; lastKnownFileType = wrapper.framework; name = QuartzCore.framework; path = System/Library/Frameworks/QuartzCore.framework; sourceTree = SDKROOT; };
		D4D6FC7213083ABE00F1BE66 /* pt-BR */ = {isa = PBXFileReference; lastKnownFileType = file.xib; name = "pt-BR"; path = "pt-BR.lproj/BlocoDetalhes.xib"; sourceTree = "<group>"; };
		D4EFA7EB1304D6F9001BCF4F /* Bairro.h */ = {isa = PBXFileReference; fileEncoding = 4; lastKnownFileType = sourcecode.c.h; name = Bairro.h; path = Models/Bairro.h; sourceTree = "<group>"; };
		D4EFA7EC1304D6F9001BCF4F /* Bairro.m */ = {isa = PBXFileReference; fileEncoding = 4; lastKnownFileType = sourcecode.c.objc; name = Bairro.m; path = Models/Bairro.m; sourceTree = "<group>"; };
		D4F343F812FEDBFD006DC90C /* por-bairro@2x.png */ = {isa = PBXFileReference; lastKnownFileType = image.png; name = "por-bairro@2x.png"; path = "../../blocos-rio-assets/images/por-bairro@2x.png"; sourceTree = "<group>"; };
		D4F343F912FEDBFD006DC90C /* por-data@2x.png */ = {isa = PBXFileReference; lastKnownFileType = image.png; name = "por-data@2x.png"; path = "../../blocos-rio-assets/images/por-data@2x.png"; sourceTree = "<group>"; };
		D4FE812512FA3CC400C2D0A4 /* crypt.h */ = {isa = PBXFileReference; fileEncoding = 4; lastKnownFileType = sourcecode.c.h; path = crypt.h; sourceTree = "<group>"; };
		D4FE812612FA3CC400C2D0A4 /* ioapi.c */ = {isa = PBXFileReference; fileEncoding = 4; lastKnownFileType = sourcecode.c.c; path = ioapi.c; sourceTree = "<group>"; };
		D4FE812712FA3CC400C2D0A4 /* ioapi.h */ = {isa = PBXFileReference; fileEncoding = 4; lastKnownFileType = sourcecode.c.h; path = ioapi.h; sourceTree = "<group>"; };
		D4FE812812FA3CC400C2D0A4 /* mztools.c */ = {isa = PBXFileReference; fileEncoding = 4; lastKnownFileType = sourcecode.c.c; path = mztools.c; sourceTree = "<group>"; };
		D4FE812912FA3CC400C2D0A4 /* mztools.h */ = {isa = PBXFileReference; fileEncoding = 4; lastKnownFileType = sourcecode.c.h; path = mztools.h; sourceTree = "<group>"; };
		D4FE812A12FA3CC400C2D0A4 /* unzip.c */ = {isa = PBXFileReference; fileEncoding = 4; lastKnownFileType = sourcecode.c.c; path = unzip.c; sourceTree = "<group>"; };
		D4FE812B12FA3CC400C2D0A4 /* unzip.h */ = {isa = PBXFileReference; fileEncoding = 4; lastKnownFileType = sourcecode.c.h; path = unzip.h; sourceTree = "<group>"; };
		D4FE812C12FA3CC400C2D0A4 /* zip.c */ = {isa = PBXFileReference; fileEncoding = 4; lastKnownFileType = sourcecode.c.c; path = zip.c; sourceTree = "<group>"; };
		D4FE812D12FA3CC400C2D0A4 /* zip.h */ = {isa = PBXFileReference; fileEncoding = 4; lastKnownFileType = sourcecode.c.h; path = zip.h; sourceTree = "<group>"; };
		D4FE812E12FA3CC400C2D0A4 /* ZipArchive.h */ = {isa = PBXFileReference; fileEncoding = 4; lastKnownFileType = sourcecode.c.h; path = ZipArchive.h; sourceTree = "<group>"; };
		D4FE812F12FA3CC400C2D0A4 /* ZipArchive.mm */ = {isa = PBXFileReference; fileEncoding = 4; lastKnownFileType = sourcecode.cpp.objcpp; path = ZipArchive.mm; sourceTree = "<group>"; };
		D4FE813512FA3D5800C2D0A4 /* BlocosService.h */ = {isa = PBXFileReference; fileEncoding = 4; lastKnownFileType = sourcecode.c.h; name = BlocosService.h; path = Services/BlocosService.h; sourceTree = "<group>"; };
		D4FE813612FA3D5800C2D0A4 /* BlocosService.m */ = {isa = PBXFileReference; fileEncoding = 4; lastKnownFileType = sourcecode.c.objc; name = BlocosService.m; path = Services/BlocosService.m; sourceTree = "<group>"; };
/* End PBXFileReference section */

/* Begin PBXFrameworksBuildPhase section */
		D426A70912F9BDFE0096C860 /* Frameworks */ = {
			isa = PBXFrameworksBuildPhase;
			buildActionMask = 2147483647;
			files = (
				D455BEE212FB4926006A757A /* libz.dylib in Frameworks */,
				D48768ED12FA2B5600420CE6 /* CoreData.framework in Frameworks */,
				D426A71112F9BDFE0096C860 /* UIKit.framework in Frameworks */,
				D426A71312F9BDFE0096C860 /* Foundation.framework in Frameworks */,
				D426A71512F9BDFE0096C860 /* CoreGraphics.framework in Frameworks */,
				D4D6FBF8130833AB00F1BE66 /* QuartzCore.framework in Frameworks */,
			);
			runOnlyForDeploymentPostprocessing = 0;
		};
		D426A72C12F9BDFE0096C860 /* Frameworks */ = {
			isa = PBXFrameworksBuildPhase;
			buildActionMask = 2147483647;
			files = (
				D426A73112F9BDFE0096C860 /* UIKit.framework in Frameworks */,
				D426A73212F9BDFE0096C860 /* Foundation.framework in Frameworks */,
				D426A73312F9BDFE0096C860 /* CoreGraphics.framework in Frameworks */,
			);
			runOnlyForDeploymentPostprocessing = 0;
		};
/* End PBXFrameworksBuildPhase section */

/* Begin PBXGroup section */
		D426A70112F9BDFE0096C860 = {
			isa = PBXGroup;
			children = (
				D426A71612F9BDFE0096C860 /* blocos-rio */,
				D426A73412F9BDFE0096C860 /* blocos-rioTests */,
				D426A70F12F9BDFE0096C860 /* Frameworks */,
				D426A70D12F9BDFE0096C860 /* Products */,
			);
			sourceTree = "<group>";
		};
		D426A70D12F9BDFE0096C860 /* Products */ = {
			isa = PBXGroup;
			children = (
				D426A70C12F9BDFE0096C860 /* blocos-rio.app */,
				D426A73012F9BDFE0096C860 /* blocos-rioTests.octest */,
			);
			name = Products;
			sourceTree = "<group>";
		};
		D426A70F12F9BDFE0096C860 /* Frameworks */ = {
			isa = PBXGroup;
			children = (
				D48768EC12FA2B5600420CE6 /* CoreData.framework */,
				D426A71012F9BDFE0096C860 /* UIKit.framework */,
				D426A71212F9BDFE0096C860 /* Foundation.framework */,
				D426A71412F9BDFE0096C860 /* CoreGraphics.framework */,
				D455BEE112FB4926006A757A /* libz.dylib */,
				D4D6FBF7130833AB00F1BE66 /* QuartzCore.framework */,
			);
			name = Frameworks;
			sourceTree = "<group>";
		};
		D426A71612F9BDFE0096C860 /* blocos-rio */ = {
			isa = PBXGroup;
			children = (
				D426A75312F9C17E0096C860 /* Controllers */,
				D46657B512F9CA220041AF53 /* Views */,
				D4FE813812FA3D5E00C2D0A4 /* Services */,
				D48768F112FA31DB00420CE6 /* Models */,
				D4A0B40E1304CB6E00710056 /* Categories */,
				D44C22EF12FE601A00305649 /* Static Resources */,
				D426A71F12F9BDFE0096C860 /* AppDelegate.h */,
				D426A72012F9BDFE0096C860 /* AppDelegate.m */,
				D4FE812212FA3CC400C2D0A4 /* Lib */,
				D426A71712F9BDFE0096C860 /* Supporting Files */,
			);
			path = "blocos-rio";
			sourceTree = "<group>";
		};
		D426A71712F9BDFE0096C860 /* Supporting Files */ = {
			isa = PBXGroup;
			children = (
				D4C692CA12FF86E200E56F2E /* blocos.xml */,
				D426A71812F9BDFE0096C860 /* Info.plist */,
				D420FD8F12FA200100A822EE /* InfoPlist.strings */,
				D426A71C12F9BDFE0096C860 /* blocos_rio-Prefix.pch */,
				D426A71D12F9BDFE0096C860 /* main.m */,
			);
			name = "Supporting Files";
			sourceTree = "<group>";
		};
		D426A73412F9BDFE0096C860 /* blocos-rioTests */ = {
			isa = PBXGroup;
			children = (
				D426A73B12F9BDFE0096C860 /* blocos_rioTests.h */,
				D426A73D12F9BDFE0096C860 /* blocos_rioTests.m */,
				D426A73512F9BDFE0096C860 /* Supporting Files */,
			);
			path = "blocos-rioTests";
			sourceTree = "<group>";
		};
		D426A73512F9BDFE0096C860 /* Supporting Files */ = {
			isa = PBXGroup;
			children = (
				D426A73612F9BDFE0096C860 /* Tests-Info.plist */,
				D426A73A12F9BDFE0096C860 /* blocos_rioTests-Prefix.pch */,
			);
			name = "Supporting Files";
			sourceTree = "<group>";
		};
		D426A75312F9C17E0096C860 /* Controllers */ = {
			isa = PBXGroup;
			children = (
				D4622137130732D7006FCE9F /* OpcoesController.h */,
				D4622138130732D7006FCE9F /* OpcoesController.m */,
				D420FD8812FA1D4100A822EE /* BlocosController.h */,
				D420FD8912FA1D4100A822EE /* BlocosController.m */,
				D402D13E12FE559900534FBC /* BlocosPorDataController.h */,
				D402D14112FE55AA00534FBC /* BlocosPorDataController.m */,
				D402D14612FE5A4200534FBC /* FavoritosController.h */,
				D402D14712FE5A4200534FBC /* FavoritosController.m */,
				D402D14912FE5C7E00534FBC /* BlocosPorBairroController.h */,
				D402D14A12FE5C7E00534FBC /* BlocosPorBairroController.m */,
				D43CC32413088FB2005CC417 /* BlocoDetalhesController.h */,
				D43CC32513088FB2005CC417 /* BlocoDetalhesController.m */,
			);
			path = Controllers;
			sourceTree = "<group>";
		};
		D44C22EE12FE600B00305649 /* Non Free Images */ = {
			isa = PBXGroup;
			children = (
				D462213A130732F0006FCE9F /* opcoes.png */,
				D462213B130732F0006FCE9F /* opcoes@2x.png */,
				D45F55201300EE1800B5ACF6 /* Icon-Small@2x.png */,
				D45F550A1300E56C00B5ACF6 /* Icon-Small.png */,
				D45F550B1300E56C00B5ACF6 /* iTunesArtwork */,
				D45F54E01300D97C00B5ACF6 /* Icon.png */,
				D45F54E11300D97C00B5ACF6 /* Icon@2x.png */,
				D402D14C12FE5DD000534FBC /* por-bairro.png */,
				D4F343F812FEDBFD006DC90C /* por-bairro@2x.png */,
				D402D0F012FE530900534FBC /* por-data.png */,
				D4F343F912FEDBFD006DC90C /* por-data@2x.png */,
			);
			name = "Non Free Images";
			sourceTree = "<group>";
		};
		D44C22EF12FE601A00305649 /* Static Resources */ = {
			isa = PBXGroup;
			children = (
				D4C692B012FF770200E56F2E /* Images */,
				D44C22EE12FE600B00305649 /* Non Free Images */,
			);
			name = "Static Resources";
			sourceTree = "<group>";
		};
		D46657B512F9CA220041AF53 /* Views */ = {
			isa = PBXGroup;
			children = (
				D46657B612F9CA350041AF53 /* MainWindow.xib */,
				D420FD8C12FA1DA200A822EE /* Blocos.xib */,
				D402D14312FE566500534FBC /* BlocosPorData.xib */,
				D446AB79130781F500A39517 /* DesfileEnderecoCell.h */,
				D446AB7A130781F500A39517 /* DesfileEnderecoCell.m */,
				D405D1AA130816070053FDE3 /* ExpandableHeaderView.h */,
				D405D1AB130816070053FDE3 /* ExpandableHeaderView.m */,
				D4D6FC7113083ABE00F1BE66 /* BlocoDetalhes.xib */,
			);
			name = Views;
			sourceTree = "<group>";
		};
		D48768F112FA31DB00420CE6 /* Models */ = {
			isa = PBXGroup;
			children = (
				D48768EE12FA2F1800420CE6 /* Blocos.xcdatamodeld */,
				D454951C1303A1A40052470F /* NSManagedObjectContext+DeleteAll.h */,
				D454951D1303A1A40052470F /* NSManagedObjectContext+DeleteAll.m */,
				D4EFA7EB1304D6F9001BCF4F /* Bairro.h */,
				D4EFA7EC1304D6F9001BCF4F /* Bairro.m */,
				D4A0B4081304B18300710056 /* Bloco.h */,
				D4A0B4091304B18300710056 /* Bloco.m */,
				D4A0B40B1304C40500710056 /* Desfile.h */,
				D4A0B40C1304C40500710056 /* Desfile.m */,
			);
			name = Models;
			sourceTree = "<group>";
		};
		D4A0B40E1304CB6E00710056 /* Categories */ = {
			isa = PBXGroup;
			children = (
				D4A0B40F1304CBC500710056 /* NSDate+Utils.h */,
				D4A0B4101304CBC500710056 /* NSDate+Utils.m */,
				D446ABE713078E0E00A39517 /* NSString+Utils.h */,
				D446ABE813078E0E00A39517 /* NSString+Utils.m */,
			);
			name = Categories;
			sourceTree = "<group>";
		};
		D4C692B012FF770200E56F2E /* Images */ = {
			isa = PBXGroup;
			children = (
				D4D6FBA013082ACD00F1BE66 /* arrow-right.png */,
				D4D6FBA113082ACD00F1BE66 /* arrow-right@2x.png */,
				D4C692B112FF770200E56F2E /* por-blocos.png */,
				D4C692B212FF770200E56F2E /* por-blocos@2x.png */,
			);
			path = Images;
			sourceTree = "<group>";
		};
		D4FE812212FA3CC400C2D0A4 /* Lib */ = {
			isa = PBXGroup;
			children = (
				D4FE812312FA3CC400C2D0A4 /* ZipArchive */,
			);
			path = Lib;
			sourceTree = "<group>";
		};
		D4FE812312FA3CC400C2D0A4 /* ZipArchive */ = {
			isa = PBXGroup;
			children = (
				D4FE812412FA3CC400C2D0A4 /* minizip */,
				D4FE812E12FA3CC400C2D0A4 /* ZipArchive.h */,
				D4FE812F12FA3CC400C2D0A4 /* ZipArchive.mm */,
			);
			path = ZipArchive;
			sourceTree = "<group>";
		};
		D4FE812412FA3CC400C2D0A4 /* minizip */ = {
			isa = PBXGroup;
			children = (
				D4FE812512FA3CC400C2D0A4 /* crypt.h */,
				D4FE812612FA3CC400C2D0A4 /* ioapi.c */,
				D4FE812712FA3CC400C2D0A4 /* ioapi.h */,
				D4FE812812FA3CC400C2D0A4 /* mztools.c */,
				D4FE812912FA3CC400C2D0A4 /* mztools.h */,
				D4FE812A12FA3CC400C2D0A4 /* unzip.c */,
				D4FE812B12FA3CC400C2D0A4 /* unzip.h */,
				D4FE812C12FA3CC400C2D0A4 /* zip.c */,
				D4FE812D12FA3CC400C2D0A4 /* zip.h */,
			);
			path = minizip;
			sourceTree = "<group>";
		};
		D4FE813812FA3D5E00C2D0A4 /* Services */ = {
			isa = PBXGroup;
			children = (
				D4FE813512FA3D5800C2D0A4 /* BlocosService.h */,
				D4FE813612FA3D5800C2D0A4 /* BlocosService.m */,
				D47B1ED012FE29580036171C /* BlocosXMLParserDelegate.h */,
				D47B1ED112FE29580036171C /* BlocosXMLParserDelegate.m */,
			);
			name = Services;
			sourceTree = "<group>";
		};
/* End PBXGroup section */

/* Begin PBXNativeTarget section */
		D426A70B12F9BDFE0096C860 /* blocos-rio */ = {
			isa = PBXNativeTarget;
			buildConfigurationList = D426A74112F9BDFE0096C860 /* Build configuration list for PBXNativeTarget "blocos-rio" */;
			buildPhases = (
				D426A70812F9BDFE0096C860 /* Sources */,
				D426A70912F9BDFE0096C860 /* Frameworks */,
				D426A70A12F9BDFE0096C860 /* Resources */,
			);
			buildRules = (
			);
			dependencies = (
			);
			name = "blocos-rio";
			productName = "blocos-rio";
			productReference = D426A70C12F9BDFE0096C860 /* blocos-rio.app */;
			productType = "com.apple.product-type.application";
		};
		D426A72F12F9BDFE0096C860 /* blocos-rioTests */ = {
			isa = PBXNativeTarget;
			buildConfigurationList = D426A74412F9BDFE0096C860 /* Build configuration list for PBXNativeTarget "blocos-rioTests" */;
			buildPhases = (
				D426A72B12F9BDFE0096C860 /* Sources */,
				D426A72C12F9BDFE0096C860 /* Frameworks */,
				D426A72D12F9BDFE0096C860 /* Resources */,
				D426A72E12F9BDFE0096C860 /* ShellScript */,
			);
			buildRules = (
			);
			dependencies = (
			);
			name = "blocos-rioTests";
			productName = "blocos-rioTests";
			productReference = D426A73012F9BDFE0096C860 /* blocos-rioTests.octest */;
			productType = "com.apple.product-type.bundle";
		};
/* End PBXNativeTarget section */

/* Begin PBXProject section */
		D426A70312F9BDFE0096C860 /* Project object */ = {
			isa = PBXProject;
			attributes = {
				ORGANIZATIONNAME = "Felipe Cypriano";
			};
			buildConfigurationList = D426A70612F9BDFE0096C860 /* Build configuration list for PBXProject "blocos-rio" */;
			compatibilityVersion = "Xcode 3.2";
			developmentRegion = English;
			hasScannedForEncodings = 0;
			knownRegions = (
				en,
				"pt-BR",
			);
			mainGroup = D426A70112F9BDFE0096C860;
			productRefGroup = D426A70D12F9BDFE0096C860 /* Products */;
			projectDirPath = "";
			projectRoot = "";
			targets = (
				D426A70B12F9BDFE0096C860 /* blocos-rio */,
				D426A72F12F9BDFE0096C860 /* blocos-rioTests */,
			);
		};
/* End PBXProject section */

/* Begin PBXResourcesBuildPhase section */
		D426A70A12F9BDFE0096C860 /* Resources */ = {
			isa = PBXResourcesBuildPhase;
			buildActionMask = 2147483647;
			files = (
				D46657BA12F9CA350041AF53 /* MainWindow.xib in Resources */,
				D420FD8E12FA1DA200A822EE /* Blocos.xib in Resources */,
				D402D0F112FE530900534FBC /* por-data.png in Resources */,
				D402D14512FE566500534FBC /* BlocosPorData.xib in Resources */,
				D402D14D12FE5DD000534FBC /* por-bairro.png in Resources */,
				D4F343FA12FEDBFD006DC90C /* por-bairro@2x.png in Resources */,
				D4F343FB12FEDBFD006DC90C /* por-data@2x.png in Resources */,
				D4C692B312FF770200E56F2E /* por-blocos.png in Resources */,
				D4C692B412FF770200E56F2E /* por-blocos@2x.png in Resources */,
				D4C692CB12FF86E200E56F2E /* blocos.xml in Resources */,
				D45F54E21300D97C00B5ACF6 /* Icon.png in Resources */,
				D45F54E31300D97C00B5ACF6 /* Icon@2x.png in Resources */,
				D45F550D1300E56C00B5ACF6 /* Icon-Small.png in Resources */,
				D45F550E1300E56C00B5ACF6 /* iTunesArtwork in Resources */,
				D45F55211300EE1800B5ACF6 /* Icon-Small@2x.png in Resources */,
				D462213C130732F0006FCE9F /* opcoes.png in Resources */,
				D462213D130732F0006FCE9F /* opcoes@2x.png in Resources */,
				D4D6FBA213082ACD00F1BE66 /* arrow-right.png in Resources */,
				D4D6FBA313082ACD00F1BE66 /* arrow-right@2x.png in Resources */,
				D4D6FC7313083ABE00F1BE66 /* BlocoDetalhes.xib in Resources */,
			);
			runOnlyForDeploymentPostprocessing = 0;
		};
		D426A72D12F9BDFE0096C860 /* Resources */ = {
			isa = PBXResourcesBuildPhase;
			buildActionMask = 2147483647;
			files = (
				D426A73C12F9BDFE0096C860 /* blocos_rioTests.h in Resources */,
			);
			runOnlyForDeploymentPostprocessing = 0;
		};
/* End PBXResourcesBuildPhase section */

/* Begin PBXShellScriptBuildPhase section */
		D426A72E12F9BDFE0096C860 /* ShellScript */ = {
			isa = PBXShellScriptBuildPhase;
			buildActionMask = 2147483647;
			files = (
			);
			inputPaths = (
			);
			outputPaths = (
			);
			runOnlyForDeploymentPostprocessing = 0;
			shellPath = /bin/sh;
			shellScript = "# Run the unit tests in this test bundle.\n\"${SYSTEM_DEVELOPER_DIR}/Tools/RunUnitTests\"\n";
		};
/* End PBXShellScriptBuildPhase section */

/* Begin PBXSourcesBuildPhase section */
		D426A70812F9BDFE0096C860 /* Sources */ = {
			isa = PBXSourcesBuildPhase;
			buildActionMask = 2147483647;
			files = (
				D426A71E12F9BDFE0096C860 /* main.m in Sources */,
				D426A72112F9BDFE0096C860 /* AppDelegate.m in Sources */,
				D420FD8A12FA1D4100A822EE /* BlocosController.m in Sources */,
				D48768F012FA2F1800420CE6 /* Blocos.xcdatamodeld in Sources */,
				D4FE813012FA3CC400C2D0A4 /* ioapi.c in Sources */,
				D4FE813112FA3CC400C2D0A4 /* mztools.c in Sources */,
				D4FE813212FA3CC400C2D0A4 /* unzip.c in Sources */,
				D4FE813312FA3CC400C2D0A4 /* zip.c in Sources */,
				D4FE813412FA3CC400C2D0A4 /* ZipArchive.mm in Sources */,
				D4FE813712FA3D5800C2D0A4 /* BlocosService.m in Sources */,
				D47B1ED212FE29580036171C /* BlocosXMLParserDelegate.m in Sources */,
				D402D14212FE55AA00534FBC /* BlocosPorDataController.m in Sources */,
				D402D14812FE5A4200534FBC /* FavoritosController.m in Sources */,
				D402D14B12FE5C7E00534FBC /* BlocosPorBairroController.m in Sources */,
				D454951E1303A1A40052470F /* NSManagedObjectContext+DeleteAll.m in Sources */,
				D4A0B40A1304B18300710056 /* Bloco.m in Sources */,
				D4A0B40D1304C40500710056 /* Desfile.m in Sources */,
				D4A0B4111304CBC500710056 /* NSDate+Utils.m in Sources */,
				D4EFA7ED1304D6F9001BCF4F /* Bairro.m in Sources */,
				D4622139130732D7006FCE9F /* OpcoesController.m in Sources */,
				D446AB7B130781F500A39517 /* DesfileEnderecoCell.m in Sources */,
				D446ABE913078E0E00A39517 /* NSString+Utils.m in Sources */,
				D405D1AC130816070053FDE3 /* ExpandableHeaderView.m in Sources */,
				D43CC32613088FB2005CC417 /* BlocoDetalhesController.m in Sources */,
			);
			runOnlyForDeploymentPostprocessing = 0;
		};
		D426A72B12F9BDFE0096C860 /* Sources */ = {
			isa = PBXSourcesBuildPhase;
			buildActionMask = 2147483647;
			files = (
				D426A73E12F9BDFE0096C860 /* blocos_rioTests.m in Sources */,
			);
			runOnlyForDeploymentPostprocessing = 0;
		};
/* End PBXSourcesBuildPhase section */

/* Begin PBXVariantGroup section */
		D402D14312FE566500534FBC /* BlocosPorData.xib */ = {
			isa = PBXVariantGroup;
			children = (
				D402D14412FE566500534FBC /* pt-BR */,
			);
			name = BlocosPorData.xib;
			sourceTree = "<group>";
		};
		D420FD8C12FA1DA200A822EE /* Blocos.xib */ = {
			isa = PBXVariantGroup;
			children = (
				D420FD8D12FA1DA200A822EE /* pt-BR */,
			);
			name = Blocos.xib;
			sourceTree = "<group>";
		};
		D420FD8F12FA200100A822EE /* InfoPlist.strings */ = {
			isa = PBXVariantGroup;
			children = (
				D420FD9012FA200100A822EE /* pt-BR */,
			);
			name = InfoPlist.strings;
			sourceTree = "<group>";
		};
		D46657B612F9CA350041AF53 /* MainWindow.xib */ = {
			isa = PBXVariantGroup;
			children = (
				D46657B712F9CA350041AF53 /* pt-BR */,
			);
			name = MainWindow.xib;
			sourceTree = "<group>";
		};
		D4D6FC7113083ABE00F1BE66 /* BlocoDetalhes.xib */ = {
			isa = PBXVariantGroup;
			children = (
				D4D6FC7213083ABE00F1BE66 /* pt-BR */,
			);
			name = BlocoDetalhes.xib;
			sourceTree = "<group>";
		};
/* End PBXVariantGroup section */

/* Begin XCBuildConfiguration section */
		D426A73F12F9BDFE0096C860 /* Debug */ = {
			isa = XCBuildConfiguration;
			buildSettings = {
				ARCHS = "$(ARCHS_STANDARD_32_BIT)";
				"CODE_SIGN_IDENTITY[sdk=iphoneos*]" = "iPhone Developer";
				GCC_C_LANGUAGE_STANDARD = gnu99;
				GCC_OPTIMIZATION_LEVEL = 0;
				GCC_PREPROCESSOR_DEFINITIONS = DEBUG;
				GCC_VERSION = com.apple.compilers.llvmgcc42;
				GCC_WARN_ABOUT_RETURN_TYPE = YES;
				GCC_WARN_UNUSED_VARIABLE = YES;
				INFOPLIST_FILE = "";
				IPHONEOS_DEPLOYMENT_TARGET = 4.0;
				PRODUCT_NAME = "";
				SDKROOT = iphoneos;
			};
			name = Debug;
		};
		D426A74012F9BDFE0096C860 /* Release */ = {
			isa = XCBuildConfiguration;
			buildSettings = {
				ARCHS = "$(ARCHS_STANDARD_32_BIT)";
				"CODE_SIGN_IDENTITY[sdk=iphoneos*]" = "iPhone Distribution";
				GCC_C_LANGUAGE_STANDARD = gnu99;
				GCC_VERSION = com.apple.compilers.llvmgcc42;
				GCC_WARN_ABOUT_RETURN_TYPE = YES;
				GCC_WARN_UNUSED_VARIABLE = YES;
				INFOPLIST_FILE = "";
				IPHONEOS_DEPLOYMENT_TARGET = 4.0;
				OTHER_CFLAGS = "-DNS_BLOCK_ASSERTIONS=1";
				PRODUCT_NAME = "";
				"PROVISIONING_PROFILE[sdk=iphoneos*]" = "";
				SDKROOT = iphoneos;
			};
			name = Release;
		};
		D426A74212F9BDFE0096C860 /* Debug */ = {
			isa = XCBuildConfiguration;
			buildSettings = {
				ALWAYS_SEARCH_USER_PATHS = NO;
				COPY_PHASE_STRIP = NO;
				GCC_DYNAMIC_NO_PIC = NO;
				GCC_PRECOMPILE_PREFIX_HEADER = YES;
				GCC_PREFIX_HEADER = "blocos-rio/blocos_rio-Prefix.pch";
				INFOPLIST_FILE = "blocos-rio/Info.plist";
				IPHONEOS_DEPLOYMENT_TARGET = 3.1.3;
				PRODUCT_NAME = "blocos-rio";
				TARGETED_DEVICE_FAMILY = 1;
				WRAPPER_EXTENSION = app;
			};
			name = Debug;
		};
		D426A74312F9BDFE0096C860 /* Release */ = {
			isa = XCBuildConfiguration;
			buildSettings = {
				ALWAYS_SEARCH_USER_PATHS = NO;
				COPY_PHASE_STRIP = YES;
				GCC_PRECOMPILE_PREFIX_HEADER = YES;
				GCC_PREFIX_HEADER = "blocos-rio/blocos_rio-Prefix.pch";
				INFOPLIST_FILE = "blocos-rio/Info.plist";
				IPHONEOS_DEPLOYMENT_TARGET = 3.1.3;
				PRODUCT_NAME = "blocos-rio";
				TARGETED_DEVICE_FAMILY = 1;
				VALIDATE_PRODUCT = YES;
				WRAPPER_EXTENSION = app;
			};
			name = Release;
		};
		D426A74512F9BDFE0096C860 /* Debug */ = {
			isa = XCBuildConfiguration;
			buildSettings = {
				ALWAYS_SEARCH_USER_PATHS = NO;
				BUNDLE_LOADER = "$(BUILT_PRODUCTS_DIR)/blocos-rio.app/blocos-rio";
				FRAMEWORK_SEARCH_PATHS = (
					"$(SDKROOT)/Developer/Library/Frameworks",
					"$(DEVELOPER_LIBRARY_DIR)/Frameworks",
				);
				GCC_PRECOMPILE_PREFIX_HEADER = YES;
				GCC_PREFIX_HEADER = "blocos-rioTests/blocos_rioTests-Prefix.pch";
				INFOPLIST_FILE = "blocos-rioTests/Tests-Info.plist";
				OTHER_LDFLAGS = (
					"-framework",
					SenTestingKit,
				);
				PRODUCT_NAME = "$(TARGET_NAME)";
				TEST_HOST = "$(BUNDLE_LOADER)";
				WRAPPER_EXTENSION = octest;
			};
			name = Debug;
		};
		D426A74612F9BDFE0096C860 /* Release */ = {
			isa = XCBuildConfiguration;
			buildSettings = {
				ALWAYS_SEARCH_USER_PATHS = NO;
				BUNDLE_LOADER = "$(BUILT_PRODUCTS_DIR)/blocos-rio.app/blocos-rio";
				FRAMEWORK_SEARCH_PATHS = (
					"$(SDKROOT)/Developer/Library/Frameworks",
					"$(DEVELOPER_LIBRARY_DIR)/Frameworks",
				);
				GCC_PRECOMPILE_PREFIX_HEADER = YES;
				GCC_PREFIX_HEADER = "blocos-rioTests/blocos_rioTests-Prefix.pch";
				INFOPLIST_FILE = "blocos-rioTests/Tests-Info.plist";
				OTHER_LDFLAGS = (
					"-framework",
					SenTestingKit,
				);
				PRODUCT_NAME = "$(TARGET_NAME)";
				TEST_HOST = "$(BUNDLE_LOADER)";
				WRAPPER_EXTENSION = octest;
			};
			name = Release;
		};
/* End XCBuildConfiguration section */

/* Begin XCConfigurationList section */
		D426A70612F9BDFE0096C860 /* Build configuration list for PBXProject "blocos-rio" */ = {
			isa = XCConfigurationList;
			buildConfigurations = (
				D426A73F12F9BDFE0096C860 /* Debug */,
				D426A74012F9BDFE0096C860 /* Release */,
			);
			defaultConfigurationIsVisible = 0;
			defaultConfigurationName = Release;
		};
		D426A74112F9BDFE0096C860 /* Build configuration list for PBXNativeTarget "blocos-rio" */ = {
			isa = XCConfigurationList;
			buildConfigurations = (
				D426A74212F9BDFE0096C860 /* Debug */,
				D426A74312F9BDFE0096C860 /* Release */,
			);
			defaultConfigurationIsVisible = 0;
			defaultConfigurationName = Release;
		};
		D426A74412F9BDFE0096C860 /* Build configuration list for PBXNativeTarget "blocos-rioTests" */ = {
			isa = XCConfigurationList;
			buildConfigurations = (
				D426A74512F9BDFE0096C860 /* Debug */,
				D426A74612F9BDFE0096C860 /* Release */,
			);
			defaultConfigurationIsVisible = 0;
			defaultConfigurationName = Release;
		};
/* End XCConfigurationList section */

/* Begin XCVersionGroup section */
		D48768EE12FA2F1800420CE6 /* Blocos.xcdatamodeld */ = {
			isa = XCVersionGroup;
			children = (
				D48768EF12FA2F1800420CE6 /* Blocos.xcdatamodel */,
			);
			currentVersion = D48768EF12FA2F1800420CE6 /* Blocos.xcdatamodel */;
			path = Blocos.xcdatamodeld;
			sourceTree = "<group>";
			versionGroupType = wrapper.xcdatamodel;
		};
/* End XCVersionGroup section */
	};
	rootObject = D426A70312F9BDFE0096C860 /* Project object */;
}
